{
	"name": "nodejs-template",
	"version": "1.0.0",
	"lockfileVersion": 3,
	"requires": true,
	"packages": {
		"": {
			"name": "nodejs-template",
			"version": "1.0.0",
			"license": "ISC",
			"devDependencies": {
				"@biomejs/biome": "1.9.0",
				"dprint": "0.47.2"
			}
		},
		"node_modules/@biomejs/biome": {
			"version": "1.9.0",
			"resolved": "https://registry.npmjs.org/@biomejs/biome/-/biome-1.9.0.tgz",
			"integrity": "sha512-NlWh2F1wbxB3O/wE+aohGL0BziTS6e+6+dyFvpdeqLsbQZY7EsiklFb9W5Xs41U4vEmY7ANgdNp+oVDij6sQdA==",
			"dev": true,
			"hasInstallScript": true,
			"license": "MIT OR Apache-2.0",
			"bin": {
				"biome": "bin/biome"
			},
			"engines": {
				"node": ">=14.21.3"
			},
			"funding": {
				"type": "opencollective",
				"url": "https://opencollective.com/biome"
			},
			"optionalDependencies": {
				"@biomejs/cli-darwin-arm64": "1.9.0",
				"@biomejs/cli-darwin-x64": "1.9.0",
				"@biomejs/cli-linux-arm64": "1.9.0",
				"@biomejs/cli-linux-arm64-musl": "1.9.0",
				"@biomejs/cli-linux-x64": "1.9.0",
				"@biomejs/cli-linux-x64-musl": "1.9.0",
				"@biomejs/cli-win32-arm64": "1.9.0",
				"@biomejs/cli-win32-x64": "1.9.0"
			}
		},
		"node_modules/@biomejs/cli-darwin-arm64": {
			"version": "1.9.0",
			"resolved": "https://registry.npmjs.org/@biomejs/cli-darwin-arm64/-/cli-darwin-arm64-1.9.0.tgz",
			"integrity": "sha512-2w9v/NRtYSmodx5QWQ49OGcyGKSECdWKbzc7n532Iq5sBhkKk996fd19icT6BuL54f01KFKRCRibAW+A2rg1Kw==",
			"cpu": [
				"arm64"
			],
			"dev": true,
			"license": "MIT OR Apache-2.0",
			"optional": true,
			"os": [
				"darwin"
			],
			"engines": {
				"node": ">=14.21.3"
			}
		},
		"node_modules/@biomejs/cli-darwin-x64": {
			"version": "1.9.0",
			"resolved": "https://registry.npmjs.org/@biomejs/cli-darwin-x64/-/cli-darwin-x64-1.9.0.tgz",
			"integrity": "sha512-fBVt8jJQi0zX0SJ1C+tdzUbRpuX/07sgtBXEhunWRkPjdi6W/2S1sYHQ1wKn4OKiRAKfHM2Cf2FNO7hQvY61dA==",
			"cpu": [
				"x64"
			],
			"dev": true,
			"license": "MIT OR Apache-2.0",
			"optional": true,
			"os": [
				"darwin"
			],
			"engines": {
				"node": ">=14.21.3"
			}
		},
		"node_modules/@biomejs/cli-linux-arm64": {
			"version": "1.9.0",
			"resolved": "https://registry.npmjs.org/@biomejs/cli-linux-arm64/-/cli-linux-arm64-1.9.0.tgz",
			"integrity": "sha512-l8U2lcqsl9yKPP5WUdIrKH//C1pWyM2cSUfcTBn6GSvXmsSjBNEdGSdM4Wfne777Oe/9ONaD1Ga53U2HksHHLw==",
			"cpu": [
				"arm64"
			],
			"dev": true,
			"license": "MIT OR Apache-2.0",
			"optional": true,
			"os": [
				"linux"
			],
			"engines": {
				"node": ">=14.21.3"
			}
		},
		"node_modules/@biomejs/cli-linux-arm64-musl": {
			"version": "1.9.0",
			"resolved": "https://registry.npmjs.org/@biomejs/cli-linux-arm64-musl/-/cli-linux-arm64-musl-1.9.0.tgz",
			"integrity": "sha512-Jy84mZ4vcppdmWMgQWOCfd8qIVC/vHmlaS5gy7GXkdWlBKSQ56YxEXTU58MHTbZ16LwJQpK2IulqRCC/rqWLBA==",
			"cpu": [
				"arm64"
			],
			"dev": true,
			"license": "MIT OR Apache-2.0",
			"optional": true,
			"os": [
				"linux"
			],
			"engines": {
				"node": ">=14.21.3"
			}
		},
		"node_modules/@biomejs/cli-linux-x64": {
			"version": "1.9.0",
			"resolved": "https://registry.npmjs.org/@biomejs/cli-linux-x64/-/cli-linux-x64-1.9.0.tgz",
			"integrity": "sha512-8jAzjrrJTj510pwq4aVs7ZKkOvEy1D+nzl9DKvrPh4TOyUw5Ie+0EDwXGE2RAkCKHkGNOQBZ78WtIdsATgz5sA==",
			"cpu": [
				"x64"
			],
			"dev": true,
			"license": "MIT OR Apache-2.0",
			"optional": true,
			"os": [
				"linux"
			],
			"engines": {
				"node": ">=14.21.3"
			}
		},
		"node_modules/@biomejs/cli-linux-x64-musl": {
			"version": "1.9.0",
			"resolved": "https://registry.npmjs.org/@biomejs/cli-linux-x64-musl/-/cli-linux-x64-musl-1.9.0.tgz",
			"integrity": "sha512-N3enoFoIrkB6qJWyYfTiYmFdB1R/Mrij1dd1xBHqxxCKZY9GRkEswRX3F1Uqzo5T+9Iu8nAQobDqI/ygicYy/Q==",
			"cpu": [
				"x64"
			],
			"dev": true,
			"license": "MIT OR Apache-2.0",
			"optional": true,
			"os": [
				"linux"
			],
			"engines": {
				"node": ">=14.21.3"
			}
		},
		"node_modules/@biomejs/cli-win32-arm64": {
			"version": "1.9.0",
			"resolved": "https://registry.npmjs.org/@biomejs/cli-win32-arm64/-/cli-win32-arm64-1.9.0.tgz",
			"integrity": "sha512-AIjwJTGfdWGMRluSQ9pDB29nzce077dfHh0/HMqzztKzgD3spyuo2R9VoaFpbR0hLHPWEH6g6OxxDO7hfkXNkQ==",
			"cpu": [
				"arm64"
			],
			"dev": true,
			"license": "MIT OR Apache-2.0",
			"optional": true,
			"os": [
				"win32"
			],
			"engines": {
				"node": ">=14.21.3"
			}
		},
		"node_modules/@biomejs/cli-win32-x64": {
			"version": "1.9.0",
			"resolved": "https://registry.npmjs.org/@biomejs/cli-win32-x64/-/cli-win32-x64-1.9.0.tgz",
			"integrity": "sha512-4/4wTjNSoyNkm1SzcUaStDx46baX1VJRXtUoeEHjX9LfedR5N3qwZz5KfrRUnCd2fl5bmXK1CwMqKBkoF6zEiA==",
			"cpu": [
				"x64"
			],
			"dev": true,
			"license": "MIT OR Apache-2.0",
			"optional": true,
			"os": [
				"win32"
			],
			"engines": {
				"node": ">=14.21.3"
			}
		},
		"node_modules/@dprint/darwin-arm64": {
			"version": "0.47.2",
			"resolved": "https://registry.npmjs.org/@dprint/darwin-arm64/-/darwin-arm64-0.47.2.tgz",
			"integrity": "sha512-mVPFBJsXxGDKHHCAY8wbqOyS4028g1bN15H9tivCnPAjwaZhkUimZHXWejXADjhGn+Xm2SlakugY9PY/68pH3Q==",
			"cpu": [
				"arm64"
			],
			"dev": true,
			"license": "MIT",
			"optional": true,
			"os": [
				"darwin"
			]
		},
		"node_modules/@dprint/darwin-x64": {
			"version": "0.47.2",
			"resolved": "https://registry.npmjs.org/@dprint/darwin-x64/-/darwin-x64-0.47.2.tgz",
			"integrity": "sha512-T7wzlc+rBV+6BRRiBjoqoy5Hj4TR2Nv2p2s9+ycyPGs10Kj/JXOWD8dnEHeBgUr2r4qe/ZdcxmsFQ5Hf2n0WuA==",
			"cpu": [
				"x64"
			],
			"dev": true,
			"license": "MIT",
			"optional": true,
			"os": [
				"darwin"
			]
		},
		"node_modules/@dprint/linux-arm64-glibc": {
			"version": "0.47.2",
			"resolved": "https://registry.npmjs.org/@dprint/linux-arm64-glibc/-/linux-arm64-glibc-0.47.2.tgz",
			"integrity": "sha512-B0m1vT5LdVtrNOVdkqpLPrSxuCD+l5bTIgRzPaDoIB1ChWQkler9IlX8C+RStpujjPj6SYvwo5vTzjQSvRdQkA==",
			"cpu": [
				"arm64"
			],
			"dev": true,
			"license": "MIT",
			"optional": true,
			"os": [
				"linux"
			]
		},
		"node_modules/@dprint/linux-arm64-musl": {
			"version": "0.47.2",
			"resolved": "https://registry.npmjs.org/@dprint/linux-arm64-musl/-/linux-arm64-musl-0.47.2.tgz",
			"integrity": "sha512-zID6wZZqpg2/Q2Us+ERQkbhLwlW3p3xaeEr00MPf49bpydmEjMiPuSjWPkNv+slQSIyIsVovOxF4lbNZjsdtvw==",
			"cpu": [
				"arm64"
			],
			"dev": true,
			"license": "MIT",
			"optional": true,
			"os": [
				"linux"
			]
		},
		"node_modules/@dprint/linux-x64-glibc": {
			"version": "0.47.2",
			"resolved": "https://registry.npmjs.org/@dprint/linux-x64-glibc/-/linux-x64-glibc-0.47.2.tgz",
			"integrity": "sha512-rB3WXMdINnRd33DItIp7mObS7dzHW90ZzeJSsoKJLPp+Z7wXjjb27UUowfqVI4baa/1pd7sdbX54DPohMtfu/A==",
			"cpu": [
				"x64"
			],
			"dev": true,
			"license": "MIT",
			"optional": true,
			"os": [
				"linux"
			]
		},
		"node_modules/@dprint/linux-x64-musl": {
			"version": "0.47.2",
			"resolved": "https://registry.npmjs.org/@dprint/linux-x64-musl/-/linux-x64-musl-0.47.2.tgz",
			"integrity": "sha512-E0+TNbzYdTXJ/jCVjUctVxkda/faw++aDQLfyWGcmdMJnbM7NZz+W4fUpDXzMPsjy+zTWxXcPK7/q2DZz2gnbg==",
			"cpu": [
				"x64"
			],
			"dev": true,
			"license": "MIT",
			"optional": true,
			"os": [
				"linux"
			]
		},
		"node_modules/@dprint/win32-arm64": {
			"version": "0.47.2",
			"resolved": "https://registry.npmjs.org/@dprint/win32-arm64/-/win32-arm64-0.47.2.tgz",
			"integrity": "sha512-K1EieTCFjfOCmyIhw9zFSduE6qVCNHEveupqZEfbSkVGw5T9MJQ1I9+n7MDb3RIDYEUk0enJ58/w82q8oDKCyA==",
			"cpu": [
				"arm64"
			],
			"dev": true,
			"license": "MIT",
			"optional": true,
			"os": [
				"win32"
			]
		},
		"node_modules/@dprint/win32-x64": {
			"version": "0.47.2",
			"resolved": "https://registry.npmjs.org/@dprint/win32-x64/-/win32-x64-0.47.2.tgz",
			"integrity": "sha512-LhizWr8VrhHvq4ump8HwOERyFmdLiE8C6A42QSntGXzKdaa2nEOq20x/o56ZIiDcesiV+1TmosMKimPcOZHa+Q==",
			"cpu": [
				"x64"
			],
			"dev": true,
			"license": "MIT",
			"optional": true,
			"os": [
				"win32"
			]
		},
		"node_modules/dprint": {
			"version": "0.47.2",
			"resolved": "https://registry.npmjs.org/dprint/-/dprint-0.47.2.tgz",
			"integrity": "sha512-geUcVIIrmLaY+YtuOl4gD7J/QCjsXZa5gUqre9sO6cgH0X/Fa9heBN3l/AWVII6rKPw45ATuCSDWz1pyO+HkPQ==",
			"dev": true,
			"hasInstallScript": true,
			"license": "MIT",
			"bin": {
				"dprint": "bin.js"
			},
			"optionalDependencies": {
				"@dprint/darwin-arm64": "0.47.2",
				"@dprint/darwin-x64": "0.47.2",
				"@dprint/linux-arm64-glibc": "0.47.2",
				"@dprint/linux-arm64-musl": "0.47.2",
				"@dprint/linux-x64-glibc": "0.47.2",
				"@dprint/linux-x64-musl": "0.47.2",
				"@dprint/win32-arm64": "0.47.2",
				"@dprint/win32-x64": "0.47.2"
			}
		}
	}
}
